
Microsoft Visual Studio Solution File, Format Version 12.00
# Visual Studio 2013
VisualStudioVersion = 12.0.31101.0
MinimumVisualStudioVersion = 10.0.40219.1
Project("{FAE04EC0-301F-11D3-BF4B-00C04F79EFBC}") = "LoungeWebApi", "LoungeWebApi\LoungeWebApi.csproj", "{46E8F96C-C2ED-4AD5-846A-D0247251EAD2}"
EndProject
Project("{2150E333-8FDC-42A3-9474-1A3956D46DE8}") = "PublishScripts", "PublishScripts", "{5DB3966C-7E3C-439C-8E4C-BBEA766B7F8C}"
	ProjectSection(SolutionItems) = preProject
		PublishScripts\AzureWebsitePublishModule.psm1 = PublishScripts\AzureWebsitePublishModule.psm1
		PublishScripts\Publish-WebApplicationWebsite.ps1 = PublishScripts\Publish-WebApplicationWebsite.ps1
	EndProjectSection
EndProject
Project("{2150E333-8FDC-42A3-9474-1A3956D46DE8}") = "Configurations", "Configurations", "{7F1836A6-9F4E-47E6-AED6-1E9917D1D1FF}"
	ProjectSection(SolutionItems) = preProject
		PublishScripts\Configurations\LoungeWebApi-WAWS-dev.json = PublishScripts\Configurations\LoungeWebApi-WAWS-dev.json
	EndProjectSection
EndProject
Global
	GlobalSection(SolutionConfigurationPlatforms) = preSolution
		Debug|Any CPU = Debug|Any CPU
		Release|Any CPU = Release|Any CPU
	EndGlobalSection
	GlobalSection(ProjectConfigurationPlatforms) = postSolution
		{46E8F96C-C2ED-4AD5-846A-D0247251EAD2}.Debug|Any CPU.ActiveCfg = Debug|Any CPU
		{46E8F96C-C2ED-4AD5-846A-D0247251EAD2}.Debug|Any CPU.Build.0 = Debug|Any CPU
		{46E8F96C-C2ED-4AD5-846A-D0247251EAD2}.Release|Any CPU.ActiveCfg = Release|Any CPU
		{46E8F96C-C2ED-4AD5-846A-D0247251EAD2}.Release|Any CPU.Build.0 = Release|Any CPU
	EndGlobalSection
	GlobalSection(SolutionProperties) = preSolution
		HideSolutionNode = FALSE
	EndGlobalSection
	GlobalSection(NestedProjects) = preSolution
		{7F1836A6-9F4E-47E6-AED6-1E9917D1D1FF} = {5DB3966C-7E3C-439C-8E4C-BBEA766B7F8C}
	EndGlobalSection
EndGlobal
